
Microsoft Visual Studio Solution File, Format Version 12.00
# Visual Studio Version 16
VisualStudioVersion = 16.0.30517.126
MinimumVisualStudioVersion = 10.0.40219.1
Project("{FAE04EC0-301F-11D3-BF4B-00C04F79EFBC}") = "final_seabattle", "final_seabattle\final_seabattle.csproj", "{0AB59BD8-4273-440E-AC0A-2446148A2F1D}"
EndProject
Global
	GlobalSection(SolutionConfigurationPlatforms) = preSolution
		Debug|Any CPU = Debug|Any CPU
		Release|Any CPU = Release|Any CPU
	EndGlobalSection
	GlobalSection(ProjectConfigurationPlatforms) = postSolution
		{0AB59BD8-4273-440E-AC0A-2446148A2F1D}.Debug|Any CPU.ActiveCfg = Debug|Any CPU
		{0AB59BD8-4273-440E-AC0A-2446148A2F1D}.Debug|Any CPU.Build.0 = Debug|Any CPU
		{0AB59BD8-4273-440E-AC0A-2446148A2F1D}.Release|Any CPU.ActiveCfg = Release|Any CPU
		{0AB59BD8-4273-440E-AC0A-2446148A2F1D}.Release|Any CPU.Build.0 = Release|Any CPU
	EndGlobalSection
	GlobalSection(SolutionProperties) = preSolution
		HideSolutionNode = FALSE
	EndGlobalSection
	GlobalSection(ExtensibilityGlobals) = postSolution
		SolutionGuid = {22CA0C2C-9D16-4FB9-B684-C6ADCA67547B}
	EndGlobalSection
EndGlobal
